
Microsoft Visual Studio Solution File, Format Version 12.00
# Visual Studio 2013
VisualStudioVersion = 12.0.31101.0
MinimumVisualStudioVersion = 10.0.40219.1
Project("{FAE04EC0-301F-11D3-BF4B-00C04F79EFBC}") = "PhillyZoo_App.DestinationLayer", "PhillyZoo_App.DestinationLayer\PhillyZoo_App.DestinationLayer.csproj", "{619CC3ED-D264-4B35-9301-C7519C8F1046}"
EndProject
Global
	GlobalSection(SolutionConfigurationPlatforms) = preSolution
		Debug|Any CPU = Debug|Any CPU
		Release|Any CPU = Release|Any CPU
	EndGlobalSection
	GlobalSection(ProjectConfigurationPlatforms) = postSolution
		{619CC3ED-D264-4B35-9301-C7519C8F1046}.Debug|Any CPU.ActiveCfg = Debug|Any CPU
		{619CC3ED-D264-4B35-9301-C7519C8F1046}.Debug|Any CPU.Build.0 = Debug|Any CPU
		{619CC3ED-D264-4B35-9301-C7519C8F1046}.Release|Any CPU.ActiveCfg = Release|Any CPU
		{619CC3ED-D264-4B35-9301-C7519C8F1046}.Release|Any CPU.Build.0 = Release|Any CPU
	EndGlobalSection
	GlobalSection(SolutionProperties) = preSolution
		HideSolutionNode = FALSE
	EndGlobalSection
EndGlobal
